
Microsoft Visual Studio Solution File, Format Version 12.00
# Visual Studio Version 16
VisualStudioVersion = 16.0.32630.194
MinimumVisualStudioVersion = 10.0.40219.1
Project("{FAE04EC0-301F-11D3-BF4B-00C04F79EFBC}") = "vista_uni", "vista_uni\vista_uni.csproj", "{72E727FD-7583-4CFC-A065-73B1DAEBCC1E}"
EndProject
Project("{FAE04EC0-301F-11D3-BF4B-00C04F79EFBC}") = "modelo_uni", "modelo_uni\modelo_uni.csproj", "{47AE1626-F165-4A3D-AD90-5BB88BDDB67D}"
EndProject
Project("{FAE04EC0-301F-11D3-BF4B-00C04F79EFBC}") = "controlador_uni", "controlador_uni\controlador_uni.csproj", "{1C9E8BFE-E80E-4644-BFCE-5F2A80AB7A65}"
EndProject
Global
	GlobalSection(SolutionConfigurationPlatforms) = preSolution
		Debug|Any CPU = Debug|Any CPU
		Release|Any CPU = Release|Any CPU
	EndGlobalSection
	GlobalSection(ProjectConfigurationPlatforms) = postSolution
		{72E727FD-7583-4CFC-A065-73B1DAEBCC1E}.Debug|Any CPU.ActiveCfg = Debug|Any CPU
		{72E727FD-7583-4CFC-A065-73B1DAEBCC1E}.Debug|Any CPU.Build.0 = Debug|Any CPU
		{72E727FD-7583-4CFC-A065-73B1DAEBCC1E}.Release|Any CPU.ActiveCfg = Release|Any CPU
		{72E727FD-7583-4CFC-A065-73B1DAEBCC1E}.Release|Any CPU.Build.0 = Release|Any CPU
		{47AE1626-F165-4A3D-AD90-5BB88BDDB67D}.Debug|Any CPU.ActiveCfg = Debug|Any CPU
		{47AE1626-F165-4A3D-AD90-5BB88BDDB67D}.Debug|Any CPU.Build.0 = Debug|Any CPU
		{47AE1626-F165-4A3D-AD90-5BB88BDDB67D}.Release|Any CPU.ActiveCfg = Release|Any CPU
		{47AE1626-F165-4A3D-AD90-5BB88BDDB67D}.Release|Any CPU.Build.0 = Release|Any CPU
		{1C9E8BFE-E80E-4644-BFCE-5F2A80AB7A65}.Debug|Any CPU.ActiveCfg = Debug|Any CPU
		{1C9E8BFE-E80E-4644-BFCE-5F2A80AB7A65}.Debug|Any CPU.Build.0 = Debug|Any CPU
		{1C9E8BFE-E80E-4644-BFCE-5F2A80AB7A65}.Release|Any CPU.ActiveCfg = Release|Any CPU
		{1C9E8BFE-E80E-4644-BFCE-5F2A80AB7A65}.Release|Any CPU.Build.0 = Release|Any CPU
	EndGlobalSection
	GlobalSection(SolutionProperties) = preSolution
		HideSolutionNode = FALSE
	EndGlobalSection
	GlobalSection(ExtensibilityGlobals) = postSolution
		SolutionGuid = {326EB12E-20EE-49A0-BD1B-7145FD00AEE0}
	EndGlobalSection
EndGlobal
